
Microsoft Visual Studio Solution File, Format Version 12.00
# Visual Studio Version 17
VisualStudioVersion = 17.4.33110.190
MinimumVisualStudioVersion = 10.0.40219.1
Project("{FAE04EC0-301F-11D3-BF4B-00C04F79EFBC}") = "sakacirobot", "sakacirobot\sakacirobot.csproj", "{144EBDC9-3A98-4AC4-A65D-FBE2426A9816}"
EndProject
Global
	GlobalSection(SolutionConfigurationPlatforms) = preSolution
		Debug|Any CPU = Debug|Any CPU
		Release|Any CPU = Release|Any CPU
	EndGlobalSection
	GlobalSection(ProjectConfigurationPlatforms) = postSolution
		{144EBDC9-3A98-4AC4-A65D-FBE2426A9816}.Debug|Any CPU.ActiveCfg = Debug|Any CPU
		{144EBDC9-3A98-4AC4-A65D-FBE2426A9816}.Debug|Any CPU.Build.0 = Debug|Any CPU
		{144EBDC9-3A98-4AC4-A65D-FBE2426A9816}.Release|Any CPU.ActiveCfg = Release|Any CPU
		{144EBDC9-3A98-4AC4-A65D-FBE2426A9816}.Release|Any CPU.Build.0 = Release|Any CPU
	EndGlobalSection
	GlobalSection(SolutionProperties) = preSolution
		HideSolutionNode = FALSE
	EndGlobalSection
	GlobalSection(ExtensibilityGlobals) = postSolution
		SolutionGuid = {18D88C83-FDEF-44B7-BD44-D84DD0AD082D}
	EndGlobalSection
EndGlobal
